
Microsoft Visual Studio Solution File, Format Version 12.00
# Visual Studio Version 17
VisualStudioVersion = 17.8.34309.116
MinimumVisualStudioVersion = 10.0.40219.1
Project("{FAE04EC0-301F-11D3-BF4B-00C04F79EFBC}") = "Tamagotchi", "Tamagotchi\Tamagotchi.csproj", "{351F0ADD-FFB9-4F38-ACF8-7D8DCF3357CA}"
EndProject
Global
	GlobalSection(SolutionConfigurationPlatforms) = preSolution
		Debug|Any CPU = Debug|Any CPU
		Release|Any CPU = Release|Any CPU
	EndGlobalSection
	GlobalSection(ProjectConfigurationPlatforms) = postSolution
		{351F0ADD-FFB9-4F38-ACF8-7D8DCF3357CA}.Debug|Any CPU.ActiveCfg = Debug|Any CPU
		{351F0ADD-FFB9-4F38-ACF8-7D8DCF3357CA}.Debug|Any CPU.Build.0 = Debug|Any CPU
		{351F0ADD-FFB9-4F38-ACF8-7D8DCF3357CA}.Release|Any CPU.ActiveCfg = Release|Any CPU
		{351F0ADD-FFB9-4F38-ACF8-7D8DCF3357CA}.Release|Any CPU.Build.0 = Release|Any CPU
	EndGlobalSection
	GlobalSection(SolutionProperties) = preSolution
		HideSolutionNode = FALSE
	EndGlobalSection
	GlobalSection(ExtensibilityGlobals) = postSolution
		SolutionGuid = {B6C4CA3F-EB9C-4FA8-9518-EEEEBD3F748F}
	EndGlobalSection
EndGlobal
